
Microsoft Visual Studio Solution File, Format Version 12.00
# Visual Studio Version 16
VisualStudioVersion = 16.0.31624.102
MinimumVisualStudioVersion = 10.0.40219.1
Project("{FAE04EC0-301F-11D3-BF4B-00C04F79EFBC}") = "COMP2084-Project-200465920", "COMP2084-Project-200465920\COMP2084-Project-200465920.csproj", "{39191344-9955-4843-BBE3-1B26B2EB8278}"
EndProject
Global
	GlobalSection(SolutionConfigurationPlatforms) = preSolution
		Debug|Any CPU = Debug|Any CPU
		Release|Any CPU = Release|Any CPU
	EndGlobalSection
	GlobalSection(ProjectConfigurationPlatforms) = postSolution
		{39191344-9955-4843-BBE3-1B26B2EB8278}.Debug|Any CPU.ActiveCfg = Debug|Any CPU
		{39191344-9955-4843-BBE3-1B26B2EB8278}.Debug|Any CPU.Build.0 = Debug|Any CPU
		{39191344-9955-4843-BBE3-1B26B2EB8278}.Release|Any CPU.ActiveCfg = Release|Any CPU
		{39191344-9955-4843-BBE3-1B26B2EB8278}.Release|Any CPU.Build.0 = Release|Any CPU
	EndGlobalSection
	GlobalSection(SolutionProperties) = preSolution
		HideSolutionNode = FALSE
	EndGlobalSection
	GlobalSection(ExtensibilityGlobals) = postSolution
		SolutionGuid = {0A1E324A-37D5-4A9F-90A9-8C28AEAADB00}
	EndGlobalSection
EndGlobal
